
Microsoft Visual Studio Solution File, Format Version 12.00
# Visual Studio Version 17
VisualStudioVersion = 17.5.002.0
MinimumVisualStudioVersion = 10.0.40219.1
Project("{9A19103F-16F7-4668-BE54-9A1E7A4F7556}") = "personal-api", "personal-api.csproj", "{A49533E4-6C69-4BD6-B9D3-3ED7FB4A4316}"
EndProject
Global
	GlobalSection(SolutionConfigurationPlatforms) = preSolution
		Debug|Any CPU = Debug|Any CPU
		Release|Any CPU = Release|Any CPU
	EndGlobalSection
	GlobalSection(ProjectConfigurationPlatforms) = postSolution
		{A49533E4-6C69-4BD6-B9D3-3ED7FB4A4316}.Debug|Any CPU.ActiveCfg = Debug|Any CPU
		{A49533E4-6C69-4BD6-B9D3-3ED7FB4A4316}.Debug|Any CPU.Build.0 = Debug|Any CPU
		{A49533E4-6C69-4BD6-B9D3-3ED7FB4A4316}.Release|Any CPU.ActiveCfg = Release|Any CPU
		{A49533E4-6C69-4BD6-B9D3-3ED7FB4A4316}.Release|Any CPU.Build.0 = Release|Any CPU
	EndGlobalSection
	GlobalSection(SolutionProperties) = preSolution
		HideSolutionNode = FALSE
	EndGlobalSection
	GlobalSection(ExtensibilityGlobals) = postSolution
		SolutionGuid = {0133642A-87D0-47A2-A339-1952417BA80C}
	EndGlobalSection
EndGlobal
